
Microsoft Visual Studio Solution File, Format Version 12.00
# Visual Studio Version 17
VisualStudioVersion = 17.14.36518.9
MinimumVisualStudioVersion = 10.0.40219.1
Project("{FAE04EC0-301F-11D3-BF4B-00C04F79EFBC}") = "Presentacion", "Presentacion\Presentacion.csproj", "{A742A670-6341-40C3-9EAC-35B1709C30D7}"
	ProjectSection(ProjectDependencies) = postProject
		{4C7E5429-B258-4237-8C11-D54E3CED99B9} = {4C7E5429-B258-4237-8C11-D54E3CED99B9}
		{8C8794A2-8425-4FF0-BE2B-DE919C8A79DE} = {8C8794A2-8425-4FF0-BE2B-DE919C8A79DE}
		{9C803254-AD8B-41CA-8896-B1A997AB8D2F} = {9C803254-AD8B-41CA-8896-B1A997AB8D2F}
	EndProjectSection
EndProject
Project("{FAE04EC0-301F-11D3-BF4B-00C04F79EFBC}") = "Clinica.Dominio", "Clinica.Dominio\Clinica.Dominio.csproj", "{4C7E5429-B258-4237-8C11-D54E3CED99B9}"
EndProject
Project("{FAE04EC0-301F-11D3-BF4B-00C04F79EFBC}") = "Clinica.Negocio", "Clinica.Negocio\Clinica.Negocio.csproj", "{8C8794A2-8425-4FF0-BE2B-DE919C8A79DE}"
EndProject
Project("{FAE04EC0-301F-11D3-BF4B-00C04F79EFBC}") = "Clinica.Datos", "Clinica.Datos\Clinica.Datos.csproj", "{9C803254-AD8B-41CA-8896-B1A997AB8D2F}"
EndProject
Global
	GlobalSection(SolutionConfigurationPlatforms) = preSolution
		Debug|Any CPU = Debug|Any CPU
		Release|Any CPU = Release|Any CPU
	EndGlobalSection
	GlobalSection(ProjectConfigurationPlatforms) = postSolution
		{A742A670-6341-40C3-9EAC-35B1709C30D7}.Debug|Any CPU.ActiveCfg = Debug|Any CPU
		{A742A670-6341-40C3-9EAC-35B1709C30D7}.Debug|Any CPU.Build.0 = Debug|Any CPU
		{A742A670-6341-40C3-9EAC-35B1709C30D7}.Release|Any CPU.ActiveCfg = Release|Any CPU
		{A742A670-6341-40C3-9EAC-35B1709C30D7}.Release|Any CPU.Build.0 = Release|Any CPU
		{4C7E5429-B258-4237-8C11-D54E3CED99B9}.Debug|Any CPU.ActiveCfg = Debug|Any CPU
		{4C7E5429-B258-4237-8C11-D54E3CED99B9}.Debug|Any CPU.Build.0 = Debug|Any CPU
		{4C7E5429-B258-4237-8C11-D54E3CED99B9}.Release|Any CPU.ActiveCfg = Release|Any CPU
		{4C7E5429-B258-4237-8C11-D54E3CED99B9}.Release|Any CPU.Build.0 = Release|Any CPU
		{8C8794A2-8425-4FF0-BE2B-DE919C8A79DE}.Debug|Any CPU.ActiveCfg = Debug|Any CPU
		{8C8794A2-8425-4FF0-BE2B-DE919C8A79DE}.Debug|Any CPU.Build.0 = Debug|Any CPU
		{8C8794A2-8425-4FF0-BE2B-DE919C8A79DE}.Release|Any CPU.ActiveCfg = Release|Any CPU
		{8C8794A2-8425-4FF0-BE2B-DE919C8A79DE}.Release|Any CPU.Build.0 = Release|Any CPU
		{9C803254-AD8B-41CA-8896-B1A997AB8D2F}.Debug|Any CPU.ActiveCfg = Debug|Any CPU
		{9C803254-AD8B-41CA-8896-B1A997AB8D2F}.Debug|Any CPU.Build.0 = Debug|Any CPU
		{9C803254-AD8B-41CA-8896-B1A997AB8D2F}.Release|Any CPU.ActiveCfg = Release|Any CPU
		{9C803254-AD8B-41CA-8896-B1A997AB8D2F}.Release|Any CPU.Build.0 = Release|Any CPU
	EndGlobalSection
	GlobalSection(SolutionProperties) = preSolution
		HideSolutionNode = FALSE
	EndGlobalSection
	GlobalSection(ExtensibilityGlobals) = postSolution
		SolutionGuid = {832845BA-4A72-4160-B460-7CA4277DFF58}
	EndGlobalSection
EndGlobal
